
Microsoft Visual Studio Solution File, Format Version 12.00
# Visual Studio 15
VisualStudioVersion = 15.0.26730.12
MinimumVisualStudioVersion = 10.0.40219.1
Project("{8BC9CEB8-8B4A-11D0-8D11-00A0C91BC942}") = "helloworld", "helloworld\helloworld.vcxproj", "{1EA246CC-2B14-4386-97AA-61567DE65B5D}"
EndProject
Project("{8BC9CEB8-8B4A-11D0-8D11-00A0C91BC942}") = "breakout", "breakout\breakout.vcxproj", "{93531F72-E60A-463B-8582-F660751E00B5}"
EndProject
Global
	GlobalSection(SolutionConfigurationPlatforms) = preSolution
		Debug|Win32 = Debug|Win32
		Debug|x64 = Debug|x64
		Release|Win32 = Release|Win32
		Release|x64 = Release|x64
	EndGlobalSection
	GlobalSection(ProjectConfigurationPlatforms) = postSolution
		{1EA246CC-2B14-4386-97AA-61567DE65B5D}.Debug|Win32.ActiveCfg = Debug|Win32
		{1EA246CC-2B14-4386-97AA-61567DE65B5D}.Debug|Win32.Build.0 = Debug|Win32
		{1EA246CC-2B14-4386-97AA-61567DE65B5D}.Debug|x64.ActiveCfg = Debug|x64
		{1EA246CC-2B14-4386-97AA-61567DE65B5D}.Debug|x64.Build.0 = Debug|x64
		{1EA246CC-2B14-4386-97AA-61567DE65B5D}.Release|Win32.ActiveCfg = Release|Win32
		{1EA246CC-2B14-4386-97AA-61567DE65B5D}.Release|Win32.Build.0 = Release|Win32
		{1EA246CC-2B14-4386-97AA-61567DE65B5D}.Release|x64.ActiveCfg = Release|x64
		{1EA246CC-2B14-4386-97AA-61567DE65B5D}.Release|x64.Build.0 = Release|x64
		{93531F72-E60A-463B-8582-F660751E00B5}.Debug|Win32.ActiveCfg = Debug|Win32
		{93531F72-E60A-463B-8582-F660751E00B5}.Debug|Win32.Build.0 = Debug|Win32
		{93531F72-E60A-463B-8582-F660751E00B5}.Debug|x64.ActiveCfg = Debug|x64
		{93531F72-E60A-463B-8582-F660751E00B5}.Debug|x64.Build.0 = Debug|x64
		{93531F72-E60A-463B-8582-F660751E00B5}.Release|Win32.ActiveCfg = Release|Win32
		{93531F72-E60A-463B-8582-F660751E00B5}.Release|Win32.Build.0 = Release|Win32
		{93531F72-E60A-463B-8582-F660751E00B5}.Release|x64.ActiveCfg = Release|x64
		{93531F72-E60A-463B-8582-F660751E00B5}.Release|x64.Build.0 = Release|x64
	EndGlobalSection
	GlobalSection(SolutionProperties) = preSolution
		HideSolutionNode = FALSE
	EndGlobalSection
	GlobalSection(ExtensibilityGlobals) = postSolution
		SolutionGuid = {4C4B82E9-A5D3-4CF8-91F6-28B880D2F687}
	EndGlobalSection
EndGlobal
